
Microsoft Visual Studio Solution File, Format Version 12.00
# Visual Studio Version 17
VisualStudioVersion = 17.5.33516.290
MinimumVisualStudioVersion = 10.0.40219.1
Project("{9A19103F-16F7-4668-BE54-9A1E7A4F7556}") = "AddTwoNumber", "AddTwoNumber\AddTwoNumber.csproj", "{C1ECEC13-0897-470F-9DC7-4E7CDCC3EC3C}"
EndProject
Project("{9A19103F-16F7-4668-BE54-9A1E7A4F7556}") = "MainConsole", "MainConsole\MainConsole.csproj", "{F32CF028-92FC-4DDE-AF85-F690832E5F7F}"
EndProject
Project("{9A19103F-16F7-4668-BE54-9A1E7A4F7556}") = "StudentDBRead1", "StudentDBRead\StudentDBRead1.csproj", "{F658D8A7-B864-4D08-B0E6-95C7F6D7F92F}"
EndProject
Project("{9A19103F-16F7-4668-BE54-9A1E7A4F7556}") = "StudentMainConsole", "StudentMainConsole\StudentMainConsole.csproj", "{D999919A-7EA4-46CB-9AA6-2C2F941C8FDB}"
EndProject
Project("{9A19103F-16F7-4668-BE54-9A1E7A4F7556}") = "StudentDBRead2", "StudentDBRead2\StudentDBRead2.csproj", "{43DFCA4B-CA13-4C64-BAC5-F8673F527793}"
EndProject
Project("{9A19103F-16F7-4668-BE54-9A1E7A4F7556}") = "StudentRead3DB", "StudentRead3DB\StudentRead3DB.csproj", "{EF419132-CC77-4FBC-BCDB-73C58B230562}"
EndProject
Project("{9A19103F-16F7-4668-BE54-9A1E7A4F7556}") = "StudentMainWriteDB", "StudentWriteDB\StudentMainWriteDB.csproj", "{8AE53A0B-9EBD-4CC9-95C1-307C2F89BA1D}"
EndProject
Project("{9A19103F-16F7-4668-BE54-9A1E7A4F7556}") = "StudentWriteDB", "ClassLibrary1\StudentWriteDB.csproj", "{23C70FFB-8DA5-4721-9F9B-B167D5290660}"
EndProject
Project("{FAE04EC0-301F-11D3-BF4B-00C04F79EFBC}") = "ConnectionStringClass", "ConnectionStringClass\ConnectionStringClass.csproj", "{1AF60F69-E8E8-44FB-BFEC-70D95D13E23F}"
EndProject
Global
	GlobalSection(SolutionConfigurationPlatforms) = preSolution
		Debug|Any CPU = Debug|Any CPU
		Release|Any CPU = Release|Any CPU
	EndGlobalSection
	GlobalSection(ProjectConfigurationPlatforms) = postSolution
		{C1ECEC13-0897-470F-9DC7-4E7CDCC3EC3C}.Debug|Any CPU.ActiveCfg = Debug|Any CPU
		{C1ECEC13-0897-470F-9DC7-4E7CDCC3EC3C}.Debug|Any CPU.Build.0 = Debug|Any CPU
		{C1ECEC13-0897-470F-9DC7-4E7CDCC3EC3C}.Release|Any CPU.ActiveCfg = Release|Any CPU
		{C1ECEC13-0897-470F-9DC7-4E7CDCC3EC3C}.Release|Any CPU.Build.0 = Release|Any CPU
		{F32CF028-92FC-4DDE-AF85-F690832E5F7F}.Debug|Any CPU.ActiveCfg = Debug|Any CPU
		{F32CF028-92FC-4DDE-AF85-F690832E5F7F}.Debug|Any CPU.Build.0 = Debug|Any CPU
		{F32CF028-92FC-4DDE-AF85-F690832E5F7F}.Release|Any CPU.ActiveCfg = Release|Any CPU
		{F32CF028-92FC-4DDE-AF85-F690832E5F7F}.Release|Any CPU.Build.0 = Release|Any CPU
		{F658D8A7-B864-4D08-B0E6-95C7F6D7F92F}.Debug|Any CPU.ActiveCfg = Debug|Any CPU
		{F658D8A7-B864-4D08-B0E6-95C7F6D7F92F}.Debug|Any CPU.Build.0 = Debug|Any CPU
		{F658D8A7-B864-4D08-B0E6-95C7F6D7F92F}.Release|Any CPU.ActiveCfg = Release|Any CPU
		{F658D8A7-B864-4D08-B0E6-95C7F6D7F92F}.Release|Any CPU.Build.0 = Release|Any CPU
		{D999919A-7EA4-46CB-9AA6-2C2F941C8FDB}.Debug|Any CPU.ActiveCfg = Debug|Any CPU
		{D999919A-7EA4-46CB-9AA6-2C2F941C8FDB}.Debug|Any CPU.Build.0 = Debug|Any CPU
		{D999919A-7EA4-46CB-9AA6-2C2F941C8FDB}.Release|Any CPU.ActiveCfg = Release|Any CPU
		{D999919A-7EA4-46CB-9AA6-2C2F941C8FDB}.Release|Any CPU.Build.0 = Release|Any CPU
		{43DFCA4B-CA13-4C64-BAC5-F8673F527793}.Debug|Any CPU.ActiveCfg = Debug|Any CPU
		{43DFCA4B-CA13-4C64-BAC5-F8673F527793}.Debug|Any CPU.Build.0 = Debug|Any CPU
		{43DFCA4B-CA13-4C64-BAC5-F8673F527793}.Release|Any CPU.ActiveCfg = Release|Any CPU
		{43DFCA4B-CA13-4C64-BAC5-F8673F527793}.Release|Any CPU.Build.0 = Release|Any CPU
		{EF419132-CC77-4FBC-BCDB-73C58B230562}.Debug|Any CPU.ActiveCfg = Debug|Any CPU
		{EF419132-CC77-4FBC-BCDB-73C58B230562}.Debug|Any CPU.Build.0 = Debug|Any CPU
		{EF419132-CC77-4FBC-BCDB-73C58B230562}.Release|Any CPU.ActiveCfg = Release|Any CPU
		{EF419132-CC77-4FBC-BCDB-73C58B230562}.Release|Any CPU.Build.0 = Release|Any CPU
		{8AE53A0B-9EBD-4CC9-95C1-307C2F89BA1D}.Debug|Any CPU.ActiveCfg = Debug|Any CPU
		{8AE53A0B-9EBD-4CC9-95C1-307C2F89BA1D}.Debug|Any CPU.Build.0 = Debug|Any CPU
		{8AE53A0B-9EBD-4CC9-95C1-307C2F89BA1D}.Release|Any CPU.ActiveCfg = Release|Any CPU
		{8AE53A0B-9EBD-4CC9-95C1-307C2F89BA1D}.Release|Any CPU.Build.0 = Release|Any CPU
		{23C70FFB-8DA5-4721-9F9B-B167D5290660}.Debug|Any CPU.ActiveCfg = Debug|Any CPU
		{23C70FFB-8DA5-4721-9F9B-B167D5290660}.Debug|Any CPU.Build.0 = Debug|Any CPU
		{23C70FFB-8DA5-4721-9F9B-B167D5290660}.Release|Any CPU.ActiveCfg = Release|Any CPU
		{23C70FFB-8DA5-4721-9F9B-B167D5290660}.Release|Any CPU.Build.0 = Release|Any CPU
		{1AF60F69-E8E8-44FB-BFEC-70D95D13E23F}.Debug|Any CPU.ActiveCfg = Debug|Any CPU
		{1AF60F69-E8E8-44FB-BFEC-70D95D13E23F}.Debug|Any CPU.Build.0 = Debug|Any CPU
		{1AF60F69-E8E8-44FB-BFEC-70D95D13E23F}.Release|Any CPU.ActiveCfg = Release|Any CPU
		{1AF60F69-E8E8-44FB-BFEC-70D95D13E23F}.Release|Any CPU.Build.0 = Release|Any CPU
	EndGlobalSection
	GlobalSection(SolutionProperties) = preSolution
		HideSolutionNode = FALSE
	EndGlobalSection
	GlobalSection(ExtensibilityGlobals) = postSolution
		SolutionGuid = {A116B802-0B88-4545-B2A6-E7659AE32E93}
	EndGlobalSection
EndGlobal
